
Microsoft Visual Studio Solution File, Format Version 12.00
# Visual Studio Version 17
VisualStudioVersion = 17.3.32929.385
MinimumVisualStudioVersion = 10.0.40219.1
Project("{FAE04EC0-301F-11D3-BF4B-00C04F79EFBC}") = "ProjectBreadPit", "ProjectBreadPit.csproj", "{56AF2C4E-F77C-47E2-9A66-E27E1614D36A}"
EndProject
Global
	GlobalSection(SolutionConfigurationPlatforms) = preSolution
		Debug|Any CPU = Debug|Any CPU
		Release|Any CPU = Release|Any CPU
	EndGlobalSection
	GlobalSection(ProjectConfigurationPlatforms) = postSolution
		{56AF2C4E-F77C-47E2-9A66-E27E1614D36A}.Debug|Any CPU.ActiveCfg = Debug|Any CPU
		{56AF2C4E-F77C-47E2-9A66-E27E1614D36A}.Debug|Any CPU.Build.0 = Debug|Any CPU
		{56AF2C4E-F77C-47E2-9A66-E27E1614D36A}.Release|Any CPU.ActiveCfg = Release|Any CPU
		{56AF2C4E-F77C-47E2-9A66-E27E1614D36A}.Release|Any CPU.Build.0 = Release|Any CPU
	EndGlobalSection
	GlobalSection(SolutionProperties) = preSolution
		HideSolutionNode = FALSE
	EndGlobalSection
	GlobalSection(ExtensibilityGlobals) = postSolution
		SolutionGuid = {6C38CBBC-4FFA-445C-9437-8C4F2317BE4A}
	EndGlobalSection
EndGlobal
